
Microsoft Visual Studio Solution File, Format Version 12.00
# Visual Studio Version 16
VisualStudioVersion = 16.0.29609.76
MinimumVisualStudioVersion = 10.0.40219.1
Project("{FAE04EC0-301F-11D3-BF4B-00C04F79EFBC}") = "MixKoreanLetters", "MixKoreanLetters\MixKoreanLetters.csproj", "{05507B32-52CE-469E-8829-77336CF2193B}"
EndProject
Global
	GlobalSection(SolutionConfigurationPlatforms) = preSolution
		Debug|Any CPU = Debug|Any CPU
		Release|Any CPU = Release|Any CPU
	EndGlobalSection
	GlobalSection(ProjectConfigurationPlatforms) = postSolution
		{05507B32-52CE-469E-8829-77336CF2193B}.Debug|Any CPU.ActiveCfg = Debug|Any CPU
		{05507B32-52CE-469E-8829-77336CF2193B}.Debug|Any CPU.Build.0 = Debug|Any CPU
		{05507B32-52CE-469E-8829-77336CF2193B}.Release|Any CPU.ActiveCfg = Release|Any CPU
		{05507B32-52CE-469E-8829-77336CF2193B}.Release|Any CPU.Build.0 = Release|Any CPU
	EndGlobalSection
	GlobalSection(SolutionProperties) = preSolution
		HideSolutionNode = FALSE
	EndGlobalSection
	GlobalSection(ExtensibilityGlobals) = postSolution
		SolutionGuid = {60404CAF-DCB9-4C11-86F0-94A118FCAFB6}
	EndGlobalSection
EndGlobal
